
Microsoft Visual Studio Solution File, Format Version 12.00
# Visual Studio 14
VisualStudioVersion = 14.0.23107.0
MinimumVisualStudioVersion = 10.0.40219.1
Project("{FAE04EC0-301F-11D3-BF4B-00C04F79EFBC}") = "GameOfLifeCSharp", "GameOfLifeCSharp\GameOfLifeCSharp.csproj", "{24FC4A17-E350-4A67-9533-37D7E6004073}"
EndProject
Project("{2150E333-8FDC-42A3-9474-1A3956D46DE8}") = "Solution Items", "Solution Items", "{868B824B-C132-42EE-AC5A-055A0337D270}"
EndProject
Global
	GlobalSection(SolutionConfigurationPlatforms) = preSolution
		Debug|Any CPU = Debug|Any CPU
		Release|Any CPU = Release|Any CPU
	EndGlobalSection
	GlobalSection(ProjectConfigurationPlatforms) = postSolution
		{24FC4A17-E350-4A67-9533-37D7E6004073}.Debug|Any CPU.ActiveCfg = Debug|Any CPU
		{24FC4A17-E350-4A67-9533-37D7E6004073}.Debug|Any CPU.Build.0 = Debug|Any CPU
		{24FC4A17-E350-4A67-9533-37D7E6004073}.Release|Any CPU.ActiveCfg = Release|Any CPU
		{24FC4A17-E350-4A67-9533-37D7E6004073}.Release|Any CPU.Build.0 = Release|Any CPU
	EndGlobalSection
	GlobalSection(SolutionProperties) = preSolution
		HideSolutionNode = FALSE
	EndGlobalSection
EndGlobal
